
Microsoft Visual Studio Solution File, Format Version 12.00
# Visual Studio 15
VisualStudioVersion = 15.0.27130.2010
MinimumVisualStudioVersion = 10.0.40219.1
Project("{FAE04EC0-301F-11D3-BF4B-00C04F79EFBC}") = "AWESOME_CALCULATOR", "AWESOME_CALCULATOR\AWESOME_CALCULATOR.csproj", "{48E3FC9C-ADE8-4971-965B-6AEED9FE0A1D}"
EndProject
Global
	GlobalSection(SolutionConfigurationPlatforms) = preSolution
		Debug|Any CPU = Debug|Any CPU
		Release|Any CPU = Release|Any CPU
	EndGlobalSection
	GlobalSection(ProjectConfigurationPlatforms) = postSolution
		{48E3FC9C-ADE8-4971-965B-6AEED9FE0A1D}.Debug|Any CPU.ActiveCfg = Debug|Any CPU
		{48E3FC9C-ADE8-4971-965B-6AEED9FE0A1D}.Debug|Any CPU.Build.0 = Debug|Any CPU
		{48E3FC9C-ADE8-4971-965B-6AEED9FE0A1D}.Release|Any CPU.ActiveCfg = Release|Any CPU
		{48E3FC9C-ADE8-4971-965B-6AEED9FE0A1D}.Release|Any CPU.Build.0 = Release|Any CPU
	EndGlobalSection
	GlobalSection(SolutionProperties) = preSolution
		HideSolutionNode = FALSE
	EndGlobalSection
	GlobalSection(ExtensibilityGlobals) = postSolution
		SolutionGuid = {53221BBB-AB5A-4829-BCED-A4EA35F3B50C}
	EndGlobalSection
EndGlobal
